
Microsoft Visual Studio Solution File, Format Version 12.00
# Visual Studio Version 17
VisualStudioVersion = 17.8.34330.188
MinimumVisualStudioVersion = 10.0.40219.1
Project("{888888A0-9F3D-457C-B088-3A5042F75D52}") = "LAB3BD", "LAB3BD.pyproj", "{FBDB29DB-C26D-436F-AB80-6409C2DE90DD}"
EndProject
Global
	GlobalSection(SolutionConfigurationPlatforms) = preSolution
		Debug|Any CPU = Debug|Any CPU
		Release|Any CPU = Release|Any CPU
	EndGlobalSection
	GlobalSection(ProjectConfigurationPlatforms) = postSolution
		{FBDB29DB-C26D-436F-AB80-6409C2DE90DD}.Debug|Any CPU.ActiveCfg = Debug|Any CPU
		{FBDB29DB-C26D-436F-AB80-6409C2DE90DD}.Release|Any CPU.ActiveCfg = Release|Any CPU
	EndGlobalSection
	GlobalSection(SolutionProperties) = preSolution
		HideSolutionNode = FALSE
	EndGlobalSection
	GlobalSection(ExtensibilityGlobals) = postSolution
		SolutionGuid = {1F649AAB-7569-45C4-B1B0-6CAEBDDA46AB}
	EndGlobalSection
EndGlobal
